
Microsoft Visual Studio Solution File, Format Version 12.00
# Visual Studio Version 17
VisualStudioVersion = 17.1.32228.430
MinimumVisualStudioVersion = 10.0.40219.1
Project("{D954291E-2A0B-460D-934E-DC6B0785DB48}") = "UnoGeometryIssues.Shared", "UnoGeometryIssues\UnoGeometryIssues.Shared\UnoGeometryIssues.Shared.shproj", "{6279C845-92F8-4333-AB99-3D213163593C}"
EndProject
Project("{9A19103F-16F7-4668-BE54-9A1E7A4F7556}") = "UnoGeometryIssues.Droid", "UnoGeometryIssues\UnoGeometryIssues.Droid\UnoGeometryIssues.Droid.csproj", "{A529C9D0-8814-4C69-9CBF-7F0304D43CD4}"
EndProject
Project("{9A19103F-16F7-4668-BE54-9A1E7A4F7556}") = "UnoGeometryIssues.iOS", "UnoGeometryIssues\UnoGeometryIssues.iOS\UnoGeometryIssues.iOS.csproj", "{CDCA4662-839C-498E-BEF7-83544056C163}"
EndProject
Project("{9A19103F-16F7-4668-BE54-9A1E7A4F7556}") = "UnoGeometryIssues.Wasm", "UnoGeometryIssues\UnoGeometryIssues.Wasm\UnoGeometryIssues.Wasm.csproj", "{6296D452-F6F9-482C-BB9B-DE5D1AA38F91}"
EndProject
Project("{2150E333-8FDC-42A3-9474-1A3956D46DE8}") = "Solution Items", "Solution Items", "{257F7519-27B7-4765-A101-2DAF78C05757}"
	ProjectSection(SolutionItems) = preProject
		.gitignore = .gitignore
		README.md = README.md
	EndProjectSection
EndProject
Project("{2150E333-8FDC-42A3-9474-1A3956D46DE8}") = "Framework", "Framework", "{C9A6BAB9-0080-44D3-82CC-80EB6A340E56}"
EndProject
Project("{2150E333-8FDC-42A3-9474-1A3956D46DE8}") = "ViewModel", "ViewModel", "{620A6EAC-2FDE-4B35-A6AF-DB658475DC94}"
EndProject
Project("{9A19103F-16F7-4668-BE54-9A1E7A4F7556}") = "ViewModels", "ViewModels\ViewModels.csproj", "{DDAEC9D8-9F71-4225-BC2D-20376E2BFDF6}"
EndProject
Project("{9A19103F-16F7-4668-BE54-9A1E7A4F7556}") = "ViewModelInterfaces", "ViewModelInterfaces\ViewModelInterfaces.csproj", "{4A7B143A-C979-4618-BE52-4E3C45112260}"
EndProject
Project("{9A19103F-16F7-4668-BE54-9A1E7A4F7556}") = "FrameworkInterfaces", "FrameworkInterfaces\FrameworkInterfaces.csproj", "{E5EA1BDB-8D87-420C-8D70-9CA732066989}"
EndProject
Project("{9A19103F-16F7-4668-BE54-9A1E7A4F7556}") = "Framework.Helpers", "Framework.Helpers\Framework.Helpers.csproj", "{5A5ECE32-813E-4DA0-BF36-BD4A5CB9F149}"
EndProject
Project("{9A19103F-16F7-4668-BE54-9A1E7A4F7556}") = "Framework.Uno", "Framework.Uno\Framework.Uno.csproj", "{BE415A83-C8F6-4CC1-88CA-7F109C54E3D7}"
EndProject
Project("{9A19103F-16F7-4668-BE54-9A1E7A4F7556}") = "UnoGeometryIssues.WinUI", "UnoGeometryIssues\UnoGeometryIssues.WinUI\UnoGeometryIssues.WinUI\UnoGeometryIssues.WinUI.csproj", "{C500300E-82E0-426F-8CFE-87F0ED304462}"
EndProject
Project("{C7167F0D-BC9F-4E6E-AFE1-012C56B48DB5}") = "UnoGeometryIssues.WinUI (Package)", "UnoGeometryIssues\UnoGeometryIssues.WinUI\UnoGeometryIssues.WinUI (Package)\UnoGeometryIssues.WinUI (Package).wapproj", "{7158648D-B80D-4B47-9EC1-F0DB1BEE6BBA}"
EndProject
Global
	GlobalSection(SolutionConfigurationPlatforms) = preSolution
		Ad-Hoc|Any CPU = Ad-Hoc|Any CPU
		Ad-Hoc|ARM = Ad-Hoc|ARM
		Ad-Hoc|arm64 = Ad-Hoc|arm64
		Ad-Hoc|iPhone = Ad-Hoc|iPhone
		Ad-Hoc|iPhoneSimulator = Ad-Hoc|iPhoneSimulator
		Ad-Hoc|x64 = Ad-Hoc|x64
		Ad-Hoc|x86 = Ad-Hoc|x86
		AppStore|Any CPU = AppStore|Any CPU
		AppStore|ARM = AppStore|ARM
		AppStore|arm64 = AppStore|arm64
		AppStore|iPhone = AppStore|iPhone
		AppStore|iPhoneSimulator = AppStore|iPhoneSimulator
		AppStore|x64 = AppStore|x64
		AppStore|x86 = AppStore|x86
		Debug|Any CPU = Debug|Any CPU
		Debug|ARM = Debug|ARM
		Debug|arm64 = Debug|arm64
		Debug|iPhone = Debug|iPhone
		Debug|iPhoneSimulator = Debug|iPhoneSimulator
		Debug|x64 = Debug|x64
		Debug|x86 = Debug|x86
		Release|Any CPU = Release|Any CPU
		Release|ARM = Release|ARM
		Release|arm64 = Release|arm64
		Release|iPhone = Release|iPhone
		Release|iPhoneSimulator = Release|iPhoneSimulator
		Release|x64 = Release|x64
		Release|x86 = Release|x86
	EndGlobalSection
	GlobalSection(ProjectConfigurationPlatforms) = postSolution
		{A529C9D0-8814-4C69-9CBF-7F0304D43CD4}.Ad-Hoc|Any CPU.ActiveCfg = Release|Any CPU
		{A529C9D0-8814-4C69-9CBF-7F0304D43CD4}.Ad-Hoc|Any CPU.Build.0 = Release|Any CPU
		{A529C9D0-8814-4C69-9CBF-7F0304D43CD4}.Ad-Hoc|Any CPU.Deploy.0 = Release|Any CPU
		{A529C9D0-8814-4C69-9CBF-7F0304D43CD4}.Ad-Hoc|ARM.ActiveCfg = Release|Any CPU
		{A529C9D0-8814-4C69-9CBF-7F0304D43CD4}.Ad-Hoc|ARM.Build.0 = Release|Any CPU
		{A529C9D0-8814-4C69-9CBF-7F0304D43CD4}.Ad-Hoc|ARM.Deploy.0 = Release|Any CPU
		{A529C9D0-8814-4C69-9CBF-7F0304D43CD4}.Ad-Hoc|arm64.ActiveCfg = Debug|Any CPU
		{A529C9D0-8814-4C69-9CBF-7F0304D43CD4}.Ad-Hoc|arm64.Build.0 = Debug|Any CPU
		{A529C9D0-8814-4C69-9CBF-7F0304D43CD4}.Ad-Hoc|arm64.Deploy.0 = Debug|Any CPU
		{A529C9D0-8814-4C69-9CBF-7F0304D43CD4}.Ad-Hoc|iPhone.ActiveCfg = Release|Any CPU
		{A529C9D0-8814-4C69-9CBF-7F0304D43CD4}.Ad-Hoc|iPhone.Build.0 = Release|Any CPU
		{A529C9D0-8814-4C69-9CBF-7F0304D43CD4}.Ad-Hoc|iPhone.Deploy.0 = Release|Any CPU
		{A529C9D0-8814-4C69-9CBF-7F0304D43CD4}.Ad-Hoc|iPhoneSimulator.ActiveCfg = Release|Any CPU
		{A529C9D0-8814-4C69-9CBF-7F0304D43CD4}.Ad-Hoc|iPhoneSimulator.Build.0 = Release|Any CPU
		{A529C9D0-8814-4C69-9CBF-7F0304D43CD4}.Ad-Hoc|iPhoneSimulator.Deploy.0 = Release|Any CPU
		{A529C9D0-8814-4C69-9CBF-7F0304D43CD4}.Ad-Hoc|x64.ActiveCfg = Release|Any CPU
		{A529C9D0-8814-4C69-9CBF-7F0304D43CD4}.Ad-Hoc|x64.Build.0 = Release|Any CPU
		{A529C9D0-8814-4C69-9CBF-7F0304D43CD4}.Ad-Hoc|x64.Deploy.0 = Release|Any CPU
		{A529C9D0-8814-4C69-9CBF-7F0304D43CD4}.Ad-Hoc|x86.ActiveCfg = Release|Any CPU
		{A529C9D0-8814-4C69-9CBF-7F0304D43CD4}.Ad-Hoc|x86.Build.0 = Release|Any CPU
		{A529C9D0-8814-4C69-9CBF-7F0304D43CD4}.Ad-Hoc|x86.Deploy.0 = Release|Any CPU
		{A529C9D0-8814-4C69-9CBF-7F0304D43CD4}.AppStore|Any CPU.ActiveCfg = Release|Any CPU
		{A529C9D0-8814-4C69-9CBF-7F0304D43CD4}.AppStore|Any CPU.Build.0 = Release|Any CPU
		{A529C9D0-8814-4C69-9CBF-7F0304D43CD4}.AppStore|Any CPU.Deploy.0 = Release|Any CPU
		{A529C9D0-8814-4C69-9CBF-7F0304D43CD4}.AppStore|ARM.ActiveCfg = Release|Any CPU
		{A529C9D0-8814-4C69-9CBF-7F0304D43CD4}.AppStore|ARM.Build.0 = Release|Any CPU
		{A529C9D0-8814-4C69-9CBF-7F0304D43CD4}.AppStore|ARM.Deploy.0 = Release|Any CPU
		{A529C9D0-8814-4C69-9CBF-7F0304D43CD4}.AppStore|arm64.ActiveCfg = Debug|Any CPU
		{A529C9D0-8814-4C69-9CBF-7F0304D43CD4}.AppStore|arm64.Build.0 = Debug|Any CPU
		{A529C9D0-8814-4C69-9CBF-7F0304D43CD4}.AppStore|arm64.Deploy.0 = Debug|Any CPU
		{A529C9D0-8814-4C69-9CBF-7F0304D43CD4}.AppStore|iPhone.ActiveCfg = Release|Any CPU
		{A529C9D0-8814-4C69-9CBF-7F0304D43CD4}.AppStore|iPhone.Build.0 = Release|Any CPU
		{A529C9D0-8814-4C69-9CBF-7F0304D43CD4}.AppStore|iPhone.Deploy.0 = Release|Any CPU
		{A529C9D0-8814-4C69-9CBF-7F0304D43CD4}.AppStore|iPhoneSimulator.ActiveCfg = Release|Any CPU
		{A529C9D0-8814-4C69-9CBF-7F0304D43CD4}.AppStore|iPhoneSimulator.Build.0 = Release|Any CPU
		{A529C9D0-8814-4C69-9CBF-7F0304D43CD4}.AppStore|iPhoneSimulator.Deploy.0 = Release|Any CPU
		{A529C9D0-8814-4C69-9CBF-7F0304D43CD4}.AppStore|x64.ActiveCfg = Release|Any CPU
		{A529C9D0-8814-4C69-9CBF-7F0304D43CD4}.AppStore|x64.Build.0 = Release|Any CPU
		{A529C9D0-8814-4C69-9CBF-7F0304D43CD4}.AppStore|x64.Deploy.0 = Release|Any CPU
		{A529C9D0-8814-4C69-9CBF-7F0304D43CD4}.AppStore|x86.ActiveCfg = Release|Any CPU
		{A529C9D0-8814-4C69-9CBF-7F0304D43CD4}.AppStore|x86.Build.0 = Release|Any CPU
		{A529C9D0-8814-4C69-9CBF-7F0304D43CD4}.AppStore|x86.Deploy.0 = Release|Any CPU
		{A529C9D0-8814-4C69-9CBF-7F0304D43CD4}.Debug|Any CPU.ActiveCfg = Debug|Any CPU
		{A529C9D0-8814-4C69-9CBF-7F0304D43CD4}.Debug|Any CPU.Build.0 = Debug|Any CPU
		{A529C9D0-8814-4C69-9CBF-7F0304D43CD4}.Debug|Any CPU.Deploy.0 = Debug|Any CPU
		{A529C9D0-8814-4C69-9CBF-7F0304D43CD4}.Debug|ARM.ActiveCfg = Debug|Any CPU
		{A529C9D0-8814-4C69-9CBF-7F0304D43CD4}.Debug|ARM.Build.0 = Debug|Any CPU
		{A529C9D0-8814-4C69-9CBF-7F0304D43CD4}.Debug|ARM.Deploy.0 = Debug|Any CPU
		{A529C9D0-8814-4C69-9CBF-7F0304D43CD4}.Debug|arm64.ActiveCfg = Debug|Any CPU
		{A529C9D0-8814-4C69-9CBF-7F0304D43CD4}.Debug|arm64.Build.0 = Debug|Any CPU
		{A529C9D0-8814-4C69-9CBF-7F0304D43CD4}.Debug|arm64.Deploy.0 = Debug|Any CPU
		{A529C9D0-8814-4C69-9CBF-7F0304D43CD4}.Debug|iPhone.ActiveCfg = Debug|Any CPU
		{A529C9D0-8814-4C69-9CBF-7F0304D43CD4}.Debug|iPhone.Build.0 = Debug|Any CPU
		{A529C9D0-8814-4C69-9CBF-7F0304D43CD4}.Debug|iPhoneSimulator.ActiveCfg = Debug|Any CPU
		{A529C9D0-8814-4C69-9CBF-7F0304D43CD4}.Debug|iPhoneSimulator.Build.0 = Debug|Any CPU
		{A529C9D0-8814-4C69-9CBF-7F0304D43CD4}.Debug|x64.ActiveCfg = Debug|Any CPU
		{A529C9D0-8814-4C69-9CBF-7F0304D43CD4}.Debug|x64.Build.0 = Debug|Any CPU
		{A529C9D0-8814-4C69-9CBF-7F0304D43CD4}.Debug|x86.ActiveCfg = Debug|Any CPU
		{A529C9D0-8814-4C69-9CBF-7F0304D43CD4}.Debug|x86.Build.0 = Debug|Any CPU
		{A529C9D0-8814-4C69-9CBF-7F0304D43CD4}.Release|Any CPU.ActiveCfg = Release|Any CPU
		{A529C9D0-8814-4C69-9CBF-7F0304D43CD4}.Release|Any CPU.Build.0 = Release|Any CPU
		{A529C9D0-8814-4C69-9CBF-7F0304D43CD4}.Release|Any CPU.Deploy.0 = Release|Any CPU
		{A529C9D0-8814-4C69-9CBF-7F0304D43CD4}.Release|ARM.ActiveCfg = Release|Any CPU
		{A529C9D0-8814-4C69-9CBF-7F0304D43CD4}.Release|ARM.Build.0 = Release|Any CPU
		{A529C9D0-8814-4C69-9CBF-7F0304D43CD4}.Release|ARM.Deploy.0 = Release|Any CPU
		{A529C9D0-8814-4C69-9CBF-7F0304D43CD4}.Release|arm64.ActiveCfg = Release|Any CPU
		{A529C9D0-8814-4C69-9CBF-7F0304D43CD4}.Release|arm64.Build.0 = Release|Any CPU
		{A529C9D0-8814-4C69-9CBF-7F0304D43CD4}.Release|arm64.Deploy.0 = Release|Any CPU
		{A529C9D0-8814-4C69-9CBF-7F0304D43CD4}.Release|iPhone.ActiveCfg = Release|Any CPU
		{A529C9D0-8814-4C69-9CBF-7F0304D43CD4}.Release|iPhone.Build.0 = Release|Any CPU
		{A529C9D0-8814-4C69-9CBF-7F0304D43CD4}.Release|iPhone.Deploy.0 = Release|Any CPU
		{A529C9D0-8814-4C69-9CBF-7F0304D43CD4}.Release|iPhoneSimulator.ActiveCfg = Release|Any CPU
		{A529C9D0-8814-4C69-9CBF-7F0304D43CD4}.Release|iPhoneSimulator.Build.0 = Release|Any CPU
		{A529C9D0-8814-4C69-9CBF-7F0304D43CD4}.Release|iPhoneSimulator.Deploy.0 = Release|Any CPU
		{A529C9D0-8814-4C69-9CBF-7F0304D43CD4}.Release|x64.ActiveCfg = Release|Any CPU
		{A529C9D0-8814-4C69-9CBF-7F0304D43CD4}.Release|x64.Build.0 = Release|Any CPU
		{A529C9D0-8814-4C69-9CBF-7F0304D43CD4}.Release|x64.Deploy.0 = Release|Any CPU
		{A529C9D0-8814-4C69-9CBF-7F0304D43CD4}.Release|x86.ActiveCfg = Release|Any CPU
		{A529C9D0-8814-4C69-9CBF-7F0304D43CD4}.Release|x86.Build.0 = Release|Any CPU
		{A529C9D0-8814-4C69-9CBF-7F0304D43CD4}.Release|x86.Deploy.0 = Release|Any CPU
		{CDCA4662-839C-498E-BEF7-83544056C163}.Ad-Hoc|Any CPU.ActiveCfg = Ad-Hoc|iPhone
		{CDCA4662-839C-498E-BEF7-83544056C163}.Ad-Hoc|ARM.ActiveCfg = Ad-Hoc|iPhone
		{CDCA4662-839C-498E-BEF7-83544056C163}.Ad-Hoc|arm64.ActiveCfg = Ad-Hoc|iPhoneSimulator
		{CDCA4662-839C-498E-BEF7-83544056C163}.Ad-Hoc|arm64.Build.0 = Ad-Hoc|iPhoneSimulator
		{CDCA4662-839C-498E-BEF7-83544056C163}.Ad-Hoc|iPhone.ActiveCfg = Ad-Hoc|iPhone
		{CDCA4662-839C-498E-BEF7-83544056C163}.Ad-Hoc|iPhone.Build.0 = Ad-Hoc|iPhone
		{CDCA4662-839C-498E-BEF7-83544056C163}.Ad-Hoc|iPhoneSimulator.ActiveCfg = Ad-Hoc|iPhoneSimulator
		{CDCA4662-839C-498E-BEF7-83544056C163}.Ad-Hoc|iPhoneSimulator.Build.0 = Ad-Hoc|iPhoneSimulator
		{CDCA4662-839C-498E-BEF7-83544056C163}.Ad-Hoc|x64.ActiveCfg = Ad-Hoc|iPhone
		{CDCA4662-839C-498E-BEF7-83544056C163}.Ad-Hoc|x86.ActiveCfg = Ad-Hoc|iPhone
		{CDCA4662-839C-498E-BEF7-83544056C163}.AppStore|Any CPU.ActiveCfg = AppStore|iPhone
		{CDCA4662-839C-498E-BEF7-83544056C163}.AppStore|ARM.ActiveCfg = AppStore|iPhone
		{CDCA4662-839C-498E-BEF7-83544056C163}.AppStore|arm64.ActiveCfg = AppStore|iPhoneSimulator
		{CDCA4662-839C-498E-BEF7-83544056C163}.AppStore|arm64.Build.0 = AppStore|iPhoneSimulator
		{CDCA4662-839C-498E-BEF7-83544056C163}.AppStore|iPhone.ActiveCfg = AppStore|iPhone
		{CDCA4662-839C-498E-BEF7-83544056C163}.AppStore|iPhone.Build.0 = AppStore|iPhone
		{CDCA4662-839C-498E-BEF7-83544056C163}.AppStore|iPhoneSimulator.ActiveCfg = AppStore|iPhoneSimulator
		{CDCA4662-839C-498E-BEF7-83544056C163}.AppStore|iPhoneSimulator.Build.0 = AppStore|iPhoneSimulator
		{CDCA4662-839C-498E-BEF7-83544056C163}.AppStore|x64.ActiveCfg = AppStore|iPhone
		{CDCA4662-839C-498E-BEF7-83544056C163}.AppStore|x86.ActiveCfg = AppStore|iPhone
		{CDCA4662-839C-498E-BEF7-83544056C163}.Debug|Any CPU.ActiveCfg = Debug|Any CPU
		{CDCA4662-839C-498E-BEF7-83544056C163}.Debug|ARM.ActiveCfg = Debug|iPhone
		{CDCA4662-839C-498E-BEF7-83544056C163}.Debug|arm64.ActiveCfg = Debug|Any CPU
		{CDCA4662-839C-498E-BEF7-83544056C163}.Debug|arm64.Build.0 = Debug|Any CPU
		{CDCA4662-839C-498E-BEF7-83544056C163}.Debug|arm64.Deploy.0 = Debug|Any CPU
		{CDCA4662-839C-498E-BEF7-83544056C163}.Debug|iPhone.ActiveCfg = Debug|Any CPU
		{CDCA4662-839C-498E-BEF7-83544056C163}.Debug|iPhone.Build.0 = Debug|Any CPU
		{CDCA4662-839C-498E-BEF7-83544056C163}.Debug|iPhone.Deploy.0 = Debug|Any CPU
		{CDCA4662-839C-498E-BEF7-83544056C163}.Debug|iPhoneSimulator.ActiveCfg = Debug|Any CPU
		{CDCA4662-839C-498E-BEF7-83544056C163}.Debug|iPhoneSimulator.Build.0 = Debug|Any CPU
		{CDCA4662-839C-498E-BEF7-83544056C163}.Debug|x64.ActiveCfg = Debug|Any CPU
		{CDCA4662-839C-498E-BEF7-83544056C163}.Debug|x86.ActiveCfg = Debug|Any CPU
		{CDCA4662-839C-498E-BEF7-83544056C163}.Release|Any CPU.ActiveCfg = Release|iPhone
		{CDCA4662-839C-498E-BEF7-83544056C163}.Release|ARM.ActiveCfg = Release|iPhone
		{CDCA4662-839C-498E-BEF7-83544056C163}.Release|arm64.ActiveCfg = Release|Any CPU
		{CDCA4662-839C-498E-BEF7-83544056C163}.Release|arm64.Build.0 = Release|Any CPU
		{CDCA4662-839C-498E-BEF7-83544056C163}.Release|arm64.Deploy.0 = Release|Any CPU
		{CDCA4662-839C-498E-BEF7-83544056C163}.Release|iPhone.ActiveCfg = Release|iPhone
		{CDCA4662-839C-498E-BEF7-83544056C163}.Release|iPhone.Build.0 = Release|iPhone
		{CDCA4662-839C-498E-BEF7-83544056C163}.Release|iPhoneSimulator.ActiveCfg = Release|iPhoneSimulator
		{CDCA4662-839C-498E-BEF7-83544056C163}.Release|iPhoneSimulator.Build.0 = Release|iPhoneSimulator
		{CDCA4662-839C-498E-BEF7-83544056C163}.Release|x64.ActiveCfg = Release|iPhone
		{CDCA4662-839C-498E-BEF7-83544056C163}.Release|x86.ActiveCfg = Release|iPhone
		{6296D452-F6F9-482C-BB9B-DE5D1AA38F91}.Ad-Hoc|Any CPU.ActiveCfg = Debug|Any CPU
		{6296D452-F6F9-482C-BB9B-DE5D1AA38F91}.Ad-Hoc|Any CPU.Build.0 = Debug|Any CPU
		{6296D452-F6F9-482C-BB9B-DE5D1AA38F91}.Ad-Hoc|ARM.ActiveCfg = Debug|Any CPU
		{6296D452-F6F9-482C-BB9B-DE5D1AA38F91}.Ad-Hoc|ARM.Build.0 = Debug|Any CPU
		{6296D452-F6F9-482C-BB9B-DE5D1AA38F91}.Ad-Hoc|arm64.ActiveCfg = Release|Any CPU
		{6296D452-F6F9-482C-BB9B-DE5D1AA38F91}.Ad-Hoc|arm64.Build.0 = Release|Any CPU
		{6296D452-F6F9-482C-BB9B-DE5D1AA38F91}.Ad-Hoc|iPhone.ActiveCfg = Debug|Any CPU
		{6296D452-F6F9-482C-BB9B-DE5D1AA38F91}.Ad-Hoc|iPhone.Build.0 = Debug|Any CPU
		{6296D452-F6F9-482C-BB9B-DE5D1AA38F91}.Ad-Hoc|iPhoneSimulator.ActiveCfg = Debug|Any CPU
		{6296D452-F6F9-482C-BB9B-DE5D1AA38F91}.Ad-Hoc|iPhoneSimulator.Build.0 = Debug|Any CPU
		{6296D452-F6F9-482C-BB9B-DE5D1AA38F91}.Ad-Hoc|x64.ActiveCfg = Debug|Any CPU
		{6296D452-F6F9-482C-BB9B-DE5D1AA38F91}.Ad-Hoc|x64.Build.0 = Debug|Any CPU
		{6296D452-F6F9-482C-BB9B-DE5D1AA38F91}.Ad-Hoc|x86.ActiveCfg = Debug|Any CPU
		{6296D452-F6F9-482C-BB9B-DE5D1AA38F91}.Ad-Hoc|x86.Build.0 = Debug|Any CPU
		{6296D452-F6F9-482C-BB9B-DE5D1AA38F91}.AppStore|Any CPU.ActiveCfg = Debug|Any CPU
		{6296D452-F6F9-482C-BB9B-DE5D1AA38F91}.AppStore|Any CPU.Build.0 = Debug|Any CPU
		{6296D452-F6F9-482C-BB9B-DE5D1AA38F91}.AppStore|ARM.ActiveCfg = Debug|Any CPU
		{6296D452-F6F9-482C-BB9B-DE5D1AA38F91}.AppStore|ARM.Build.0 = Debug|Any CPU
		{6296D452-F6F9-482C-BB9B-DE5D1AA38F91}.AppStore|arm64.ActiveCfg = Release|Any CPU
		{6296D452-F6F9-482C-BB9B-DE5D1AA38F91}.AppStore|arm64.Build.0 = Release|Any CPU
		{6296D452-F6F9-482C-BB9B-DE5D1AA38F91}.AppStore|iPhone.ActiveCfg = Debug|Any CPU
		{6296D452-F6F9-482C-BB9B-DE5D1AA38F91}.AppStore|iPhone.Build.0 = Debug|Any CPU
		{6296D452-F6F9-482C-BB9B-DE5D1AA38F91}.AppStore|iPhoneSimulator.ActiveCfg = Debug|Any CPU
		{6296D452-F6F9-482C-BB9B-DE5D1AA38F91}.AppStore|iPhoneSimulator.Build.0 = Debug|Any CPU
		{6296D452-F6F9-482C-BB9B-DE5D1AA38F91}.AppStore|x64.ActiveCfg = Debug|Any CPU
		{6296D452-F6F9-482C-BB9B-DE5D1AA38F91}.AppStore|x64.Build.0 = Debug|Any CPU
		{6296D452-F6F9-482C-BB9B-DE5D1AA38F91}.AppStore|x86.ActiveCfg = Debug|Any CPU
		{6296D452-F6F9-482C-BB9B-DE5D1AA38F91}.AppStore|x86.Build.0 = Debug|Any CPU
		{6296D452-F6F9-482C-BB9B-DE5D1AA38F91}.Debug|Any CPU.ActiveCfg = Debug|Any CPU
		{6296D452-F6F9-482C-BB9B-DE5D1AA38F91}.Debug|Any CPU.Build.0 = Debug|Any CPU
		{6296D452-F6F9-482C-BB9B-DE5D1AA38F91}.Debug|ARM.ActiveCfg = Debug|Any CPU
		{6296D452-F6F9-482C-BB9B-DE5D1AA38F91}.Debug|ARM.Build.0 = Debug|Any CPU
		{6296D452-F6F9-482C-BB9B-DE5D1AA38F91}.Debug|arm64.ActiveCfg = Debug|Any CPU
		{6296D452-F6F9-482C-BB9B-DE5D1AA38F91}.Debug|arm64.Build.0 = Debug|Any CPU
		{6296D452-F6F9-482C-BB9B-DE5D1AA38F91}.Debug|iPhone.ActiveCfg = Debug|Any CPU
		{6296D452-F6F9-482C-BB9B-DE5D1AA38F91}.Debug|iPhone.Build.0 = Debug|Any CPU
		{6296D452-F6F9-482C-BB9B-DE5D1AA38F91}.Debug|iPhoneSimulator.ActiveCfg = Debug|Any CPU
		{6296D452-F6F9-482C-BB9B-DE5D1AA38F91}.Debug|iPhoneSimulator.Build.0 = Debug|Any CPU
		{6296D452-F6F9-482C-BB9B-DE5D1AA38F91}.Debug|x64.ActiveCfg = Debug|Any CPU
		{6296D452-F6F9-482C-BB9B-DE5D1AA38F91}.Debug|x64.Build.0 = Debug|Any CPU
		{6296D452-F6F9-482C-BB9B-DE5D1AA38F91}.Debug|x86.ActiveCfg = Debug|Any CPU
		{6296D452-F6F9-482C-BB9B-DE5D1AA38F91}.Debug|x86.Build.0 = Debug|Any CPU
		{6296D452-F6F9-482C-BB9B-DE5D1AA38F91}.Release|Any CPU.ActiveCfg = Release|Any CPU
		{6296D452-F6F9-482C-BB9B-DE5D1AA38F91}.Release|Any CPU.Build.0 = Release|Any CPU
		{6296D452-F6F9-482C-BB9B-DE5D1AA38F91}.Release|ARM.ActiveCfg = Release|Any CPU
		{6296D452-F6F9-482C-BB9B-DE5D1AA38F91}.Release|ARM.Build.0 = Release|Any CPU
		{6296D452-F6F9-482C-BB9B-DE5D1AA38F91}.Release|arm64.ActiveCfg = Release|Any CPU
		{6296D452-F6F9-482C-BB9B-DE5D1AA38F91}.Release|arm64.Build.0 = Release|Any CPU
		{6296D452-F6F9-482C-BB9B-DE5D1AA38F91}.Release|iPhone.ActiveCfg = Release|Any CPU
		{6296D452-F6F9-482C-BB9B-DE5D1AA38F91}.Release|iPhone.Build.0 = Release|Any CPU
		{6296D452-F6F9-482C-BB9B-DE5D1AA38F91}.Release|iPhoneSimulator.ActiveCfg = Release|Any CPU
		{6296D452-F6F9-482C-BB9B-DE5D1AA38F91}.Release|iPhoneSimulator.Build.0 = Release|Any CPU
		{6296D452-F6F9-482C-BB9B-DE5D1AA38F91}.Release|x64.ActiveCfg = Release|Any CPU
		{6296D452-F6F9-482C-BB9B-DE5D1AA38F91}.Release|x64.Build.0 = Release|Any CPU
		{6296D452-F6F9-482C-BB9B-DE5D1AA38F91}.Release|x86.ActiveCfg = Release|Any CPU
		{6296D452-F6F9-482C-BB9B-DE5D1AA38F91}.Release|x86.Build.0 = Release|Any CPU
		{DDAEC9D8-9F71-4225-BC2D-20376E2BFDF6}.Ad-Hoc|Any CPU.ActiveCfg = Debug|Any CPU
		{DDAEC9D8-9F71-4225-BC2D-20376E2BFDF6}.Ad-Hoc|Any CPU.Build.0 = Debug|Any CPU
		{DDAEC9D8-9F71-4225-BC2D-20376E2BFDF6}.Ad-Hoc|ARM.ActiveCfg = Debug|Any CPU
		{DDAEC9D8-9F71-4225-BC2D-20376E2BFDF6}.Ad-Hoc|ARM.Build.0 = Debug|Any CPU
		{DDAEC9D8-9F71-4225-BC2D-20376E2BFDF6}.Ad-Hoc|arm64.ActiveCfg = Release|Any CPU
		{DDAEC9D8-9F71-4225-BC2D-20376E2BFDF6}.Ad-Hoc|arm64.Build.0 = Release|Any CPU
		{DDAEC9D8-9F71-4225-BC2D-20376E2BFDF6}.Ad-Hoc|iPhone.ActiveCfg = Debug|Any CPU
		{DDAEC9D8-9F71-4225-BC2D-20376E2BFDF6}.Ad-Hoc|iPhone.Build.0 = Debug|Any CPU
		{DDAEC9D8-9F71-4225-BC2D-20376E2BFDF6}.Ad-Hoc|iPhoneSimulator.ActiveCfg = Debug|Any CPU
		{DDAEC9D8-9F71-4225-BC2D-20376E2BFDF6}.Ad-Hoc|iPhoneSimulator.Build.0 = Debug|Any CPU
		{DDAEC9D8-9F71-4225-BC2D-20376E2BFDF6}.Ad-Hoc|x64.ActiveCfg = Debug|Any CPU
		{DDAEC9D8-9F71-4225-BC2D-20376E2BFDF6}.Ad-Hoc|x64.Build.0 = Debug|Any CPU
		{DDAEC9D8-9F71-4225-BC2D-20376E2BFDF6}.Ad-Hoc|x86.ActiveCfg = Debug|Any CPU
		{DDAEC9D8-9F71-4225-BC2D-20376E2BFDF6}.Ad-Hoc|x86.Build.0 = Debug|Any CPU
		{DDAEC9D8-9F71-4225-BC2D-20376E2BFDF6}.AppStore|Any CPU.ActiveCfg = Debug|Any CPU
		{DDAEC9D8-9F71-4225-BC2D-20376E2BFDF6}.AppStore|Any CPU.Build.0 = Debug|Any CPU
		{DDAEC9D8-9F71-4225-BC2D-20376E2BFDF6}.AppStore|ARM.ActiveCfg = Debug|Any CPU
		{DDAEC9D8-9F71-4225-BC2D-20376E2BFDF6}.AppStore|ARM.Build.0 = Debug|Any CPU
		{DDAEC9D8-9F71-4225-BC2D-20376E2BFDF6}.AppStore|arm64.ActiveCfg = Release|Any CPU
		{DDAEC9D8-9F71-4225-BC2D-20376E2BFDF6}.AppStore|arm64.Build.0 = Release|Any CPU
		{DDAEC9D8-9F71-4225-BC2D-20376E2BFDF6}.AppStore|iPhone.ActiveCfg = Debug|Any CPU
		{DDAEC9D8-9F71-4225-BC2D-20376E2BFDF6}.AppStore|iPhone.Build.0 = Debug|Any CPU
		{DDAEC9D8-9F71-4225-BC2D-20376E2BFDF6}.AppStore|iPhoneSimulator.ActiveCfg = Debug|Any CPU
		{DDAEC9D8-9F71-4225-BC2D-20376E2BFDF6}.AppStore|iPhoneSimulator.Build.0 = Debug|Any CPU
		{DDAEC9D8-9F71-4225-BC2D-20376E2BFDF6}.AppStore|x64.ActiveCfg = Debug|Any CPU
		{DDAEC9D8-9F71-4225-BC2D-20376E2BFDF6}.AppStore|x64.Build.0 = Debug|Any CPU
		{DDAEC9D8-9F71-4225-BC2D-20376E2BFDF6}.AppStore|x86.ActiveCfg = Debug|Any CPU
		{DDAEC9D8-9F71-4225-BC2D-20376E2BFDF6}.AppStore|x86.Build.0 = Debug|Any CPU
		{DDAEC9D8-9F71-4225-BC2D-20376E2BFDF6}.Debug|Any CPU.ActiveCfg = Debug|Any CPU
		{DDAEC9D8-9F71-4225-BC2D-20376E2BFDF6}.Debug|Any CPU.Build.0 = Debug|Any CPU
		{DDAEC9D8-9F71-4225-BC2D-20376E2BFDF6}.Debug|ARM.ActiveCfg = Debug|Any CPU
		{DDAEC9D8-9F71-4225-BC2D-20376E2BFDF6}.Debug|ARM.Build.0 = Debug|Any CPU
		{DDAEC9D8-9F71-4225-BC2D-20376E2BFDF6}.Debug|arm64.ActiveCfg = Debug|Any CPU
		{DDAEC9D8-9F71-4225-BC2D-20376E2BFDF6}.Debug|arm64.Build.0 = Debug|Any CPU
		{DDAEC9D8-9F71-4225-BC2D-20376E2BFDF6}.Debug|iPhone.ActiveCfg = Debug|Any CPU
		{DDAEC9D8-9F71-4225-BC2D-20376E2BFDF6}.Debug|iPhone.Build.0 = Debug|Any CPU
		{DDAEC9D8-9F71-4225-BC2D-20376E2BFDF6}.Debug|iPhoneSimulator.ActiveCfg = Debug|Any CPU
		{DDAEC9D8-9F71-4225-BC2D-20376E2BFDF6}.Debug|iPhoneSimulator.Build.0 = Debug|Any CPU
		{DDAEC9D8-9F71-4225-BC2D-20376E2BFDF6}.Debug|x64.ActiveCfg = Debug|Any CPU
		{DDAEC9D8-9F71-4225-BC2D-20376E2BFDF6}.Debug|x64.Build.0 = Debug|Any CPU
		{DDAEC9D8-9F71-4225-BC2D-20376E2BFDF6}.Debug|x86.ActiveCfg = Debug|Any CPU
		{DDAEC9D8-9F71-4225-BC2D-20376E2BFDF6}.Debug|x86.Build.0 = Debug|Any CPU
		{DDAEC9D8-9F71-4225-BC2D-20376E2BFDF6}.Release|Any CPU.ActiveCfg = Release|Any CPU
		{DDAEC9D8-9F71-4225-BC2D-20376E2BFDF6}.Release|Any CPU.Build.0 = Release|Any CPU
		{DDAEC9D8-9F71-4225-BC2D-20376E2BFDF6}.Release|ARM.ActiveCfg = Release|Any CPU
		{DDAEC9D8-9F71-4225-BC2D-20376E2BFDF6}.Release|ARM.Build.0 = Release|Any CPU
		{DDAEC9D8-9F71-4225-BC2D-20376E2BFDF6}.Release|arm64.ActiveCfg = Release|Any CPU
		{DDAEC9D8-9F71-4225-BC2D-20376E2BFDF6}.Release|arm64.Build.0 = Release|Any CPU
		{DDAEC9D8-9F71-4225-BC2D-20376E2BFDF6}.Release|iPhone.ActiveCfg = Release|Any CPU
		{DDAEC9D8-9F71-4225-BC2D-20376E2BFDF6}.Release|iPhone.Build.0 = Release|Any CPU
		{DDAEC9D8-9F71-4225-BC2D-20376E2BFDF6}.Release|iPhoneSimulator.ActiveCfg = Release|Any CPU
		{DDAEC9D8-9F71-4225-BC2D-20376E2BFDF6}.Release|iPhoneSimulator.Build.0 = Release|Any CPU
		{DDAEC9D8-9F71-4225-BC2D-20376E2BFDF6}.Release|x64.ActiveCfg = Release|Any CPU
		{DDAEC9D8-9F71-4225-BC2D-20376E2BFDF6}.Release|x64.Build.0 = Release|Any CPU
		{DDAEC9D8-9F71-4225-BC2D-20376E2BFDF6}.Release|x86.ActiveCfg = Release|Any CPU
		{DDAEC9D8-9F71-4225-BC2D-20376E2BFDF6}.Release|x86.Build.0 = Release|Any CPU
		{4A7B143A-C979-4618-BE52-4E3C45112260}.Ad-Hoc|Any CPU.ActiveCfg = Debug|Any CPU
		{4A7B143A-C979-4618-BE52-4E3C45112260}.Ad-Hoc|Any CPU.Build.0 = Debug|Any CPU
		{4A7B143A-C979-4618-BE52-4E3C45112260}.Ad-Hoc|ARM.ActiveCfg = Debug|Any CPU
		{4A7B143A-C979-4618-BE52-4E3C45112260}.Ad-Hoc|ARM.Build.0 = Debug|Any CPU
		{4A7B143A-C979-4618-BE52-4E3C45112260}.Ad-Hoc|arm64.ActiveCfg = Release|Any CPU
		{4A7B143A-C979-4618-BE52-4E3C45112260}.Ad-Hoc|arm64.Build.0 = Release|Any CPU
		{4A7B143A-C979-4618-BE52-4E3C45112260}.Ad-Hoc|iPhone.ActiveCfg = Debug|Any CPU
		{4A7B143A-C979-4618-BE52-4E3C45112260}.Ad-Hoc|iPhone.Build.0 = Debug|Any CPU
		{4A7B143A-C979-4618-BE52-4E3C45112260}.Ad-Hoc|iPhoneSimulator.ActiveCfg = Debug|Any CPU
		{4A7B143A-C979-4618-BE52-4E3C45112260}.Ad-Hoc|iPhoneSimulator.Build.0 = Debug|Any CPU
		{4A7B143A-C979-4618-BE52-4E3C45112260}.Ad-Hoc|x64.ActiveCfg = Debug|Any CPU
		{4A7B143A-C979-4618-BE52-4E3C45112260}.Ad-Hoc|x64.Build.0 = Debug|Any CPU
		{4A7B143A-C979-4618-BE52-4E3C45112260}.Ad-Hoc|x86.ActiveCfg = Debug|Any CPU
		{4A7B143A-C979-4618-BE52-4E3C45112260}.Ad-Hoc|x86.Build.0 = Debug|Any CPU
		{4A7B143A-C979-4618-BE52-4E3C45112260}.AppStore|Any CPU.ActiveCfg = Debug|Any CPU
		{4A7B143A-C979-4618-BE52-4E3C45112260}.AppStore|Any CPU.Build.0 = Debug|Any CPU
		{4A7B143A-C979-4618-BE52-4E3C45112260}.AppStore|ARM.ActiveCfg = Debug|Any CPU
		{4A7B143A-C979-4618-BE52-4E3C45112260}.AppStore|ARM.Build.0 = Debug|Any CPU
		{4A7B143A-C979-4618-BE52-4E3C45112260}.AppStore|arm64.ActiveCfg = Release|Any CPU
		{4A7B143A-C979-4618-BE52-4E3C45112260}.AppStore|arm64.Build.0 = Release|Any CPU
		{4A7B143A-C979-4618-BE52-4E3C45112260}.AppStore|iPhone.ActiveCfg = Debug|Any CPU
		{4A7B143A-C979-4618-BE52-4E3C45112260}.AppStore|iPhone.Build.0 = Debug|Any CPU
		{4A7B143A-C979-4618-BE52-4E3C45112260}.AppStore|iPhoneSimulator.ActiveCfg = Debug|Any CPU
		{4A7B143A-C979-4618-BE52-4E3C45112260}.AppStore|iPhoneSimulator.Build.0 = Debug|Any CPU
		{4A7B143A-C979-4618-BE52-4E3C45112260}.AppStore|x64.ActiveCfg = Debug|Any CPU
		{4A7B143A-C979-4618-BE52-4E3C45112260}.AppStore|x64.Build.0 = Debug|Any CPU
		{4A7B143A-C979-4618-BE52-4E3C45112260}.AppStore|x86.ActiveCfg = Debug|Any CPU
		{4A7B143A-C979-4618-BE52-4E3C45112260}.AppStore|x86.Build.0 = Debug|Any CPU
		{4A7B143A-C979-4618-BE52-4E3C45112260}.Debug|Any CPU.ActiveCfg = Debug|Any CPU
		{4A7B143A-C979-4618-BE52-4E3C45112260}.Debug|Any CPU.Build.0 = Debug|Any CPU
		{4A7B143A-C979-4618-BE52-4E3C45112260}.Debug|ARM.ActiveCfg = Debug|Any CPU
		{4A7B143A-C979-4618-BE52-4E3C45112260}.Debug|ARM.Build.0 = Debug|Any CPU
		{4A7B143A-C979-4618-BE52-4E3C45112260}.Debug|arm64.ActiveCfg = Debug|Any CPU
		{4A7B143A-C979-4618-BE52-4E3C45112260}.Debug|arm64.Build.0 = Debug|Any CPU
		{4A7B143A-C979-4618-BE52-4E3C45112260}.Debug|iPhone.ActiveCfg = Debug|Any CPU
		{4A7B143A-C979-4618-BE52-4E3C45112260}.Debug|iPhone.Build.0 = Debug|Any CPU
		{4A7B143A-C979-4618-BE52-4E3C45112260}.Debug|iPhoneSimulator.ActiveCfg = Debug|Any CPU
		{4A7B143A-C979-4618-BE52-4E3C45112260}.Debug|iPhoneSimulator.Build.0 = Debug|Any CPU
		{4A7B143A-C979-4618-BE52-4E3C45112260}.Debug|x64.ActiveCfg = Debug|Any CPU
		{4A7B143A-C979-4618-BE52-4E3C45112260}.Debug|x64.Build.0 = Debug|Any CPU
		{4A7B143A-C979-4618-BE52-4E3C45112260}.Debug|x86.ActiveCfg = Debug|Any CPU
		{4A7B143A-C979-4618-BE52-4E3C45112260}.Debug|x86.Build.0 = Debug|Any CPU
		{4A7B143A-C979-4618-BE52-4E3C45112260}.Release|Any CPU.ActiveCfg = Release|Any CPU
		{4A7B143A-C979-4618-BE52-4E3C45112260}.Release|Any CPU.Build.0 = Release|Any CPU
		{4A7B143A-C979-4618-BE52-4E3C45112260}.Release|ARM.ActiveCfg = Release|Any CPU
		{4A7B143A-C979-4618-BE52-4E3C45112260}.Release|ARM.Build.0 = Release|Any CPU
		{4A7B143A-C979-4618-BE52-4E3C45112260}.Release|arm64.ActiveCfg = Release|Any CPU
		{4A7B143A-C979-4618-BE52-4E3C45112260}.Release|arm64.Build.0 = Release|Any CPU
		{4A7B143A-C979-4618-BE52-4E3C45112260}.Release|iPhone.ActiveCfg = Release|Any CPU
		{4A7B143A-C979-4618-BE52-4E3C45112260}.Release|iPhone.Build.0 = Release|Any CPU
		{4A7B143A-C979-4618-BE52-4E3C45112260}.Release|iPhoneSimulator.ActiveCfg = Release|Any CPU
		{4A7B143A-C979-4618-BE52-4E3C45112260}.Release|iPhoneSimulator.Build.0 = Release|Any CPU
		{4A7B143A-C979-4618-BE52-4E3C45112260}.Release|x64.ActiveCfg = Release|Any CPU
		{4A7B143A-C979-4618-BE52-4E3C45112260}.Release|x64.Build.0 = Release|Any CPU
		{4A7B143A-C979-4618-BE52-4E3C45112260}.Release|x86.ActiveCfg = Release|Any CPU
		{4A7B143A-C979-4618-BE52-4E3C45112260}.Release|x86.Build.0 = Release|Any CPU
		{E5EA1BDB-8D87-420C-8D70-9CA732066989}.Ad-Hoc|Any CPU.ActiveCfg = Debug|Any CPU
		{E5EA1BDB-8D87-420C-8D70-9CA732066989}.Ad-Hoc|Any CPU.Build.0 = Debug|Any CPU
		{E5EA1BDB-8D87-420C-8D70-9CA732066989}.Ad-Hoc|ARM.ActiveCfg = Debug|Any CPU
		{E5EA1BDB-8D87-420C-8D70-9CA732066989}.Ad-Hoc|ARM.Build.0 = Debug|Any CPU
		{E5EA1BDB-8D87-420C-8D70-9CA732066989}.Ad-Hoc|arm64.ActiveCfg = Release|Any CPU
		{E5EA1BDB-8D87-420C-8D70-9CA732066989}.Ad-Hoc|arm64.Build.0 = Release|Any CPU
		{E5EA1BDB-8D87-420C-8D70-9CA732066989}.Ad-Hoc|iPhone.ActiveCfg = Debug|Any CPU
		{E5EA1BDB-8D87-420C-8D70-9CA732066989}.Ad-Hoc|iPhone.Build.0 = Debug|Any CPU
		{E5EA1BDB-8D87-420C-8D70-9CA732066989}.Ad-Hoc|iPhoneSimulator.ActiveCfg = Debug|Any CPU
		{E5EA1BDB-8D87-420C-8D70-9CA732066989}.Ad-Hoc|iPhoneSimulator.Build.0 = Debug|Any CPU
		{E5EA1BDB-8D87-420C-8D70-9CA732066989}.Ad-Hoc|x64.ActiveCfg = Debug|Any CPU
		{E5EA1BDB-8D87-420C-8D70-9CA732066989}.Ad-Hoc|x64.Build.0 = Debug|Any CPU
		{E5EA1BDB-8D87-420C-8D70-9CA732066989}.Ad-Hoc|x86.ActiveCfg = Debug|Any CPU
		{E5EA1BDB-8D87-420C-8D70-9CA732066989}.Ad-Hoc|x86.Build.0 = Debug|Any CPU
		{E5EA1BDB-8D87-420C-8D70-9CA732066989}.AppStore|Any CPU.ActiveCfg = Debug|Any CPU
		{E5EA1BDB-8D87-420C-8D70-9CA732066989}.AppStore|Any CPU.Build.0 = Debug|Any CPU
		{E5EA1BDB-8D87-420C-8D70-9CA732066989}.AppStore|ARM.ActiveCfg = Debug|Any CPU
		{E5EA1BDB-8D87-420C-8D70-9CA732066989}.AppStore|ARM.Build.0 = Debug|Any CPU
		{E5EA1BDB-8D87-420C-8D70-9CA732066989}.AppStore|arm64.ActiveCfg = Release|Any CPU
		{E5EA1BDB-8D87-420C-8D70-9CA732066989}.AppStore|arm64.Build.0 = Release|Any CPU
		{E5EA1BDB-8D87-420C-8D70-9CA732066989}.AppStore|iPhone.ActiveCfg = Debug|Any CPU
		{E5EA1BDB-8D87-420C-8D70-9CA732066989}.AppStore|iPhone.Build.0 = Debug|Any CPU
		{E5EA1BDB-8D87-420C-8D70-9CA732066989}.AppStore|iPhoneSimulator.ActiveCfg = Debug|Any CPU
		{E5EA1BDB-8D87-420C-8D70-9CA732066989}.AppStore|iPhoneSimulator.Build.0 = Debug|Any CPU
		{E5EA1BDB-8D87-420C-8D70-9CA732066989}.AppStore|x64.ActiveCfg = Debug|Any CPU
		{E5EA1BDB-8D87-420C-8D70-9CA732066989}.AppStore|x64.Build.0 = Debug|Any CPU
		{E5EA1BDB-8D87-420C-8D70-9CA732066989}.AppStore|x86.ActiveCfg = Debug|Any CPU
		{E5EA1BDB-8D87-420C-8D70-9CA732066989}.AppStore|x86.Build.0 = Debug|Any CPU
		{E5EA1BDB-8D87-420C-8D70-9CA732066989}.Debug|Any CPU.ActiveCfg = Debug|Any CPU
		{E5EA1BDB-8D87-420C-8D70-9CA732066989}.Debug|Any CPU.Build.0 = Debug|Any CPU
		{E5EA1BDB-8D87-420C-8D70-9CA732066989}.Debug|ARM.ActiveCfg = Debug|Any CPU
		{E5EA1BDB-8D87-420C-8D70-9CA732066989}.Debug|ARM.Build.0 = Debug|Any CPU
		{E5EA1BDB-8D87-420C-8D70-9CA732066989}.Debug|arm64.ActiveCfg = Debug|Any CPU
		{E5EA1BDB-8D87-420C-8D70-9CA732066989}.Debug|arm64.Build.0 = Debug|Any CPU
		{E5EA1BDB-8D87-420C-8D70-9CA732066989}.Debug|iPhone.ActiveCfg = Debug|Any CPU
		{E5EA1BDB-8D87-420C-8D70-9CA732066989}.Debug|iPhone.Build.0 = Debug|Any CPU
		{E5EA1BDB-8D87-420C-8D70-9CA732066989}.Debug|iPhoneSimulator.ActiveCfg = Debug|Any CPU
		{E5EA1BDB-8D87-420C-8D70-9CA732066989}.Debug|iPhoneSimulator.Build.0 = Debug|Any CPU
		{E5EA1BDB-8D87-420C-8D70-9CA732066989}.Debug|x64.ActiveCfg = Debug|Any CPU
		{E5EA1BDB-8D87-420C-8D70-9CA732066989}.Debug|x64.Build.0 = Debug|Any CPU
		{E5EA1BDB-8D87-420C-8D70-9CA732066989}.Debug|x86.ActiveCfg = Debug|Any CPU
		{E5EA1BDB-8D87-420C-8D70-9CA732066989}.Debug|x86.Build.0 = Debug|Any CPU
		{E5EA1BDB-8D87-420C-8D70-9CA732066989}.Release|Any CPU.ActiveCfg = Release|Any CPU
		{E5EA1BDB-8D87-420C-8D70-9CA732066989}.Release|Any CPU.Build.0 = Release|Any CPU
		{E5EA1BDB-8D87-420C-8D70-9CA732066989}.Release|ARM.ActiveCfg = Release|Any CPU
		{E5EA1BDB-8D87-420C-8D70-9CA732066989}.Release|ARM.Build.0 = Release|Any CPU
		{E5EA1BDB-8D87-420C-8D70-9CA732066989}.Release|arm64.ActiveCfg = Release|Any CPU
		{E5EA1BDB-8D87-420C-8D70-9CA732066989}.Release|arm64.Build.0 = Release|Any CPU
		{E5EA1BDB-8D87-420C-8D70-9CA732066989}.Release|iPhone.ActiveCfg = Release|Any CPU
		{E5EA1BDB-8D87-420C-8D70-9CA732066989}.Release|iPhone.Build.0 = Release|Any CPU
		{E5EA1BDB-8D87-420C-8D70-9CA732066989}.Release|iPhoneSimulator.ActiveCfg = Release|Any CPU
		{E5EA1BDB-8D87-420C-8D70-9CA732066989}.Release|iPhoneSimulator.Build.0 = Release|Any CPU
		{E5EA1BDB-8D87-420C-8D70-9CA732066989}.Release|x64.ActiveCfg = Release|Any CPU
		{E5EA1BDB-8D87-420C-8D70-9CA732066989}.Release|x64.Build.0 = Release|Any CPU
		{E5EA1BDB-8D87-420C-8D70-9CA732066989}.Release|x86.ActiveCfg = Release|Any CPU
		{E5EA1BDB-8D87-420C-8D70-9CA732066989}.Release|x86.Build.0 = Release|Any CPU
		{5A5ECE32-813E-4DA0-BF36-BD4A5CB9F149}.Ad-Hoc|Any CPU.ActiveCfg = Debug|Any CPU
		{5A5ECE32-813E-4DA0-BF36-BD4A5CB9F149}.Ad-Hoc|Any CPU.Build.0 = Debug|Any CPU
		{5A5ECE32-813E-4DA0-BF36-BD4A5CB9F149}.Ad-Hoc|ARM.ActiveCfg = Debug|Any CPU
		{5A5ECE32-813E-4DA0-BF36-BD4A5CB9F149}.Ad-Hoc|ARM.Build.0 = Debug|Any CPU
		{5A5ECE32-813E-4DA0-BF36-BD4A5CB9F149}.Ad-Hoc|arm64.ActiveCfg = Release|Any CPU
		{5A5ECE32-813E-4DA0-BF36-BD4A5CB9F149}.Ad-Hoc|arm64.Build.0 = Release|Any CPU
		{5A5ECE32-813E-4DA0-BF36-BD4A5CB9F149}.Ad-Hoc|iPhone.ActiveCfg = Debug|Any CPU
		{5A5ECE32-813E-4DA0-BF36-BD4A5CB9F149}.Ad-Hoc|iPhone.Build.0 = Debug|Any CPU
		{5A5ECE32-813E-4DA0-BF36-BD4A5CB9F149}.Ad-Hoc|iPhoneSimulator.ActiveCfg = Debug|Any CPU
		{5A5ECE32-813E-4DA0-BF36-BD4A5CB9F149}.Ad-Hoc|iPhoneSimulator.Build.0 = Debug|Any CPU
		{5A5ECE32-813E-4DA0-BF36-BD4A5CB9F149}.Ad-Hoc|x64.ActiveCfg = Debug|Any CPU
		{5A5ECE32-813E-4DA0-BF36-BD4A5CB9F149}.Ad-Hoc|x64.Build.0 = Debug|Any CPU
		{5A5ECE32-813E-4DA0-BF36-BD4A5CB9F149}.Ad-Hoc|x86.ActiveCfg = Debug|Any CPU
		{5A5ECE32-813E-4DA0-BF36-BD4A5CB9F149}.Ad-Hoc|x86.Build.0 = Debug|Any CPU
		{5A5ECE32-813E-4DA0-BF36-BD4A5CB9F149}.AppStore|Any CPU.ActiveCfg = Debug|Any CPU
		{5A5ECE32-813E-4DA0-BF36-BD4A5CB9F149}.AppStore|Any CPU.Build.0 = Debug|Any CPU
		{5A5ECE32-813E-4DA0-BF36-BD4A5CB9F149}.AppStore|ARM.ActiveCfg = Debug|Any CPU
		{5A5ECE32-813E-4DA0-BF36-BD4A5CB9F149}.AppStore|ARM.Build.0 = Debug|Any CPU
		{5A5ECE32-813E-4DA0-BF36-BD4A5CB9F149}.AppStore|arm64.ActiveCfg = Release|Any CPU
		{5A5ECE32-813E-4DA0-BF36-BD4A5CB9F149}.AppStore|arm64.Build.0 = Release|Any CPU
		{5A5ECE32-813E-4DA0-BF36-BD4A5CB9F149}.AppStore|iPhone.ActiveCfg = Debug|Any CPU
		{5A5ECE32-813E-4DA0-BF36-BD4A5CB9F149}.AppStore|iPhone.Build.0 = Debug|Any CPU
		{5A5ECE32-813E-4DA0-BF36-BD4A5CB9F149}.AppStore|iPhoneSimulator.ActiveCfg = Debug|Any CPU
		{5A5ECE32-813E-4DA0-BF36-BD4A5CB9F149}.AppStore|iPhoneSimulator.Build.0 = Debug|Any CPU
		{5A5ECE32-813E-4DA0-BF36-BD4A5CB9F149}.AppStore|x64.ActiveCfg = Debug|Any CPU
		{5A5ECE32-813E-4DA0-BF36-BD4A5CB9F149}.AppStore|x64.Build.0 = Debug|Any CPU
		{5A5ECE32-813E-4DA0-BF36-BD4A5CB9F149}.AppStore|x86.ActiveCfg = Debug|Any CPU
		{5A5ECE32-813E-4DA0-BF36-BD4A5CB9F149}.AppStore|x86.Build.0 = Debug|Any CPU
		{5A5ECE32-813E-4DA0-BF36-BD4A5CB9F149}.Debug|Any CPU.ActiveCfg = Debug|Any CPU
		{5A5ECE32-813E-4DA0-BF36-BD4A5CB9F149}.Debug|Any CPU.Build.0 = Debug|Any CPU
		{5A5ECE32-813E-4DA0-BF36-BD4A5CB9F149}.Debug|ARM.ActiveCfg = Debug|Any CPU
		{5A5ECE32-813E-4DA0-BF36-BD4A5CB9F149}.Debug|ARM.Build.0 = Debug|Any CPU
		{5A5ECE32-813E-4DA0-BF36-BD4A5CB9F149}.Debug|arm64.ActiveCfg = Debug|Any CPU
		{5A5ECE32-813E-4DA0-BF36-BD4A5CB9F149}.Debug|arm64.Build.0 = Debug|Any CPU
		{5A5ECE32-813E-4DA0-BF36-BD4A5CB9F149}.Debug|iPhone.ActiveCfg = Debug|Any CPU
		{5A5ECE32-813E-4DA0-BF36-BD4A5CB9F149}.Debug|iPhone.Build.0 = Debug|Any CPU
		{5A5ECE32-813E-4DA0-BF36-BD4A5CB9F149}.Debug|iPhoneSimulator.ActiveCfg = Debug|Any CPU
		{5A5ECE32-813E-4DA0-BF36-BD4A5CB9F149}.Debug|iPhoneSimulator.Build.0 = Debug|Any CPU
		{5A5ECE32-813E-4DA0-BF36-BD4A5CB9F149}.Debug|x64.ActiveCfg = Debug|Any CPU
		{5A5ECE32-813E-4DA0-BF36-BD4A5CB9F149}.Debug|x64.Build.0 = Debug|Any CPU
		{5A5ECE32-813E-4DA0-BF36-BD4A5CB9F149}.Debug|x86.ActiveCfg = Debug|Any CPU
		{5A5ECE32-813E-4DA0-BF36-BD4A5CB9F149}.Debug|x86.Build.0 = Debug|Any CPU
		{5A5ECE32-813E-4DA0-BF36-BD4A5CB9F149}.Release|Any CPU.ActiveCfg = Release|Any CPU
		{5A5ECE32-813E-4DA0-BF36-BD4A5CB9F149}.Release|Any CPU.Build.0 = Release|Any CPU
		{5A5ECE32-813E-4DA0-BF36-BD4A5CB9F149}.Release|ARM.ActiveCfg = Release|Any CPU
		{5A5ECE32-813E-4DA0-BF36-BD4A5CB9F149}.Release|ARM.Build.0 = Release|Any CPU
		{5A5ECE32-813E-4DA0-BF36-BD4A5CB9F149}.Release|arm64.ActiveCfg = Release|Any CPU
		{5A5ECE32-813E-4DA0-BF36-BD4A5CB9F149}.Release|arm64.Build.0 = Release|Any CPU
		{5A5ECE32-813E-4DA0-BF36-BD4A5CB9F149}.Release|iPhone.ActiveCfg = Release|Any CPU
		{5A5ECE32-813E-4DA0-BF36-BD4A5CB9F149}.Release|iPhone.Build.0 = Release|Any CPU
		{5A5ECE32-813E-4DA0-BF36-BD4A5CB9F149}.Release|iPhoneSimulator.ActiveCfg = Release|Any CPU
		{5A5ECE32-813E-4DA0-BF36-BD4A5CB9F149}.Release|iPhoneSimulator.Build.0 = Release|Any CPU
		{5A5ECE32-813E-4DA0-BF36-BD4A5CB9F149}.Release|x64.ActiveCfg = Release|Any CPU
		{5A5ECE32-813E-4DA0-BF36-BD4A5CB9F149}.Release|x64.Build.0 = Release|Any CPU
		{5A5ECE32-813E-4DA0-BF36-BD4A5CB9F149}.Release|x86.ActiveCfg = Release|Any CPU
		{5A5ECE32-813E-4DA0-BF36-BD4A5CB9F149}.Release|x86.Build.0 = Release|Any CPU
		{BE415A83-C8F6-4CC1-88CA-7F109C54E3D7}.Ad-Hoc|Any CPU.ActiveCfg = Debug|Any CPU
		{BE415A83-C8F6-4CC1-88CA-7F109C54E3D7}.Ad-Hoc|Any CPU.Build.0 = Debug|Any CPU
		{BE415A83-C8F6-4CC1-88CA-7F109C54E3D7}.Ad-Hoc|ARM.ActiveCfg = Debug|Any CPU
		{BE415A83-C8F6-4CC1-88CA-7F109C54E3D7}.Ad-Hoc|ARM.Build.0 = Debug|Any CPU
		{BE415A83-C8F6-4CC1-88CA-7F109C54E3D7}.Ad-Hoc|arm64.ActiveCfg = Release|Any CPU
		{BE415A83-C8F6-4CC1-88CA-7F109C54E3D7}.Ad-Hoc|arm64.Build.0 = Release|Any CPU
		{BE415A83-C8F6-4CC1-88CA-7F109C54E3D7}.Ad-Hoc|iPhone.ActiveCfg = Debug|Any CPU
		{BE415A83-C8F6-4CC1-88CA-7F109C54E3D7}.Ad-Hoc|iPhone.Build.0 = Debug|Any CPU
		{BE415A83-C8F6-4CC1-88CA-7F109C54E3D7}.Ad-Hoc|iPhoneSimulator.ActiveCfg = Debug|Any CPU
		{BE415A83-C8F6-4CC1-88CA-7F109C54E3D7}.Ad-Hoc|iPhoneSimulator.Build.0 = Debug|Any CPU
		{BE415A83-C8F6-4CC1-88CA-7F109C54E3D7}.Ad-Hoc|x64.ActiveCfg = Debug|Any CPU
		{BE415A83-C8F6-4CC1-88CA-7F109C54E3D7}.Ad-Hoc|x64.Build.0 = Debug|Any CPU
		{BE415A83-C8F6-4CC1-88CA-7F109C54E3D7}.Ad-Hoc|x86.ActiveCfg = Debug|Any CPU
		{BE415A83-C8F6-4CC1-88CA-7F109C54E3D7}.Ad-Hoc|x86.Build.0 = Debug|Any CPU
		{BE415A83-C8F6-4CC1-88CA-7F109C54E3D7}.AppStore|Any CPU.ActiveCfg = Debug|Any CPU
		{BE415A83-C8F6-4CC1-88CA-7F109C54E3D7}.AppStore|Any CPU.Build.0 = Debug|Any CPU
		{BE415A83-C8F6-4CC1-88CA-7F109C54E3D7}.AppStore|ARM.ActiveCfg = Debug|Any CPU
		{BE415A83-C8F6-4CC1-88CA-7F109C54E3D7}.AppStore|ARM.Build.0 = Debug|Any CPU
		{BE415A83-C8F6-4CC1-88CA-7F109C54E3D7}.AppStore|arm64.ActiveCfg = Release|Any CPU
		{BE415A83-C8F6-4CC1-88CA-7F109C54E3D7}.AppStore|arm64.Build.0 = Release|Any CPU
		{BE415A83-C8F6-4CC1-88CA-7F109C54E3D7}.AppStore|iPhone.ActiveCfg = Debug|Any CPU
		{BE415A83-C8F6-4CC1-88CA-7F109C54E3D7}.AppStore|iPhone.Build.0 = Debug|Any CPU
		{BE415A83-C8F6-4CC1-88CA-7F109C54E3D7}.AppStore|iPhoneSimulator.ActiveCfg = Debug|Any CPU
		{BE415A83-C8F6-4CC1-88CA-7F109C54E3D7}.AppStore|iPhoneSimulator.Build.0 = Debug|Any CPU
		{BE415A83-C8F6-4CC1-88CA-7F109C54E3D7}.AppStore|x64.ActiveCfg = Debug|Any CPU
		{BE415A83-C8F6-4CC1-88CA-7F109C54E3D7}.AppStore|x64.Build.0 = Debug|Any CPU
		{BE415A83-C8F6-4CC1-88CA-7F109C54E3D7}.AppStore|x86.ActiveCfg = Debug|Any CPU
		{BE415A83-C8F6-4CC1-88CA-7F109C54E3D7}.AppStore|x86.Build.0 = Debug|Any CPU
		{BE415A83-C8F6-4CC1-88CA-7F109C54E3D7}.Debug|Any CPU.ActiveCfg = Debug|Any CPU
		{BE415A83-C8F6-4CC1-88CA-7F109C54E3D7}.Debug|Any CPU.Build.0 = Debug|Any CPU
		{BE415A83-C8F6-4CC1-88CA-7F109C54E3D7}.Debug|ARM.ActiveCfg = Debug|Any CPU
		{BE415A83-C8F6-4CC1-88CA-7F109C54E3D7}.Debug|ARM.Build.0 = Debug|Any CPU
		{BE415A83-C8F6-4CC1-88CA-7F109C54E3D7}.Debug|arm64.ActiveCfg = Debug|Any CPU
		{BE415A83-C8F6-4CC1-88CA-7F109C54E3D7}.Debug|arm64.Build.0 = Debug|Any CPU
		{BE415A83-C8F6-4CC1-88CA-7F109C54E3D7}.Debug|iPhone.ActiveCfg = Debug|Any CPU
		{BE415A83-C8F6-4CC1-88CA-7F109C54E3D7}.Debug|iPhone.Build.0 = Debug|Any CPU
		{BE415A83-C8F6-4CC1-88CA-7F109C54E3D7}.Debug|iPhoneSimulator.ActiveCfg = Debug|Any CPU
		{BE415A83-C8F6-4CC1-88CA-7F109C54E3D7}.Debug|iPhoneSimulator.Build.0 = Debug|Any CPU
		{BE415A83-C8F6-4CC1-88CA-7F109C54E3D7}.Debug|x64.ActiveCfg = Debug|Any CPU
		{BE415A83-C8F6-4CC1-88CA-7F109C54E3D7}.Debug|x64.Build.0 = Debug|Any CPU
		{BE415A83-C8F6-4CC1-88CA-7F109C54E3D7}.Debug|x86.ActiveCfg = Debug|Any CPU
		{BE415A83-C8F6-4CC1-88CA-7F109C54E3D7}.Debug|x86.Build.0 = Debug|Any CPU
		{BE415A83-C8F6-4CC1-88CA-7F109C54E3D7}.Release|Any CPU.ActiveCfg = Release|Any CPU
		{BE415A83-C8F6-4CC1-88CA-7F109C54E3D7}.Release|Any CPU.Build.0 = Release|Any CPU
		{BE415A83-C8F6-4CC1-88CA-7F109C54E3D7}.Release|ARM.ActiveCfg = Release|Any CPU
		{BE415A83-C8F6-4CC1-88CA-7F109C54E3D7}.Release|ARM.Build.0 = Release|Any CPU
		{BE415A83-C8F6-4CC1-88CA-7F109C54E3D7}.Release|arm64.ActiveCfg = Release|Any CPU
		{BE415A83-C8F6-4CC1-88CA-7F109C54E3D7}.Release|arm64.Build.0 = Release|Any CPU
		{BE415A83-C8F6-4CC1-88CA-7F109C54E3D7}.Release|iPhone.ActiveCfg = Release|Any CPU
		{BE415A83-C8F6-4CC1-88CA-7F109C54E3D7}.Release|iPhone.Build.0 = Release|Any CPU
		{BE415A83-C8F6-4CC1-88CA-7F109C54E3D7}.Release|iPhoneSimulator.ActiveCfg = Release|Any CPU
		{BE415A83-C8F6-4CC1-88CA-7F109C54E3D7}.Release|iPhoneSimulator.Build.0 = Release|Any CPU
		{BE415A83-C8F6-4CC1-88CA-7F109C54E3D7}.Release|x64.ActiveCfg = Release|Any CPU
		{BE415A83-C8F6-4CC1-88CA-7F109C54E3D7}.Release|x64.Build.0 = Release|Any CPU
		{BE415A83-C8F6-4CC1-88CA-7F109C54E3D7}.Release|x86.ActiveCfg = Release|Any CPU
		{BE415A83-C8F6-4CC1-88CA-7F109C54E3D7}.Release|x86.Build.0 = Release|Any CPU
		{C500300E-82E0-426F-8CFE-87F0ED304462}.Ad-Hoc|Any CPU.ActiveCfg = Debug|x64
		{C500300E-82E0-426F-8CFE-87F0ED304462}.Ad-Hoc|Any CPU.Build.0 = Debug|x64
		{C500300E-82E0-426F-8CFE-87F0ED304462}.Ad-Hoc|ARM.ActiveCfg = Debug|x64
		{C500300E-82E0-426F-8CFE-87F0ED304462}.Ad-Hoc|ARM.Build.0 = Debug|x64
		{C500300E-82E0-426F-8CFE-87F0ED304462}.Ad-Hoc|arm64.ActiveCfg = Debug|arm64
		{C500300E-82E0-426F-8CFE-87F0ED304462}.Ad-Hoc|arm64.Build.0 = Debug|arm64
		{C500300E-82E0-426F-8CFE-87F0ED304462}.Ad-Hoc|iPhone.ActiveCfg = Debug|x64
		{C500300E-82E0-426F-8CFE-87F0ED304462}.Ad-Hoc|iPhone.Build.0 = Debug|x64
		{C500300E-82E0-426F-8CFE-87F0ED304462}.Ad-Hoc|iPhoneSimulator.ActiveCfg = Debug|x64
		{C500300E-82E0-426F-8CFE-87F0ED304462}.Ad-Hoc|iPhoneSimulator.Build.0 = Debug|x64
		{C500300E-82E0-426F-8CFE-87F0ED304462}.Ad-Hoc|x64.ActiveCfg = Debug|x64
		{C500300E-82E0-426F-8CFE-87F0ED304462}.Ad-Hoc|x64.Build.0 = Debug|x64
		{C500300E-82E0-426F-8CFE-87F0ED304462}.Ad-Hoc|x86.ActiveCfg = Debug|x86
		{C500300E-82E0-426F-8CFE-87F0ED304462}.Ad-Hoc|x86.Build.0 = Debug|x86
		{C500300E-82E0-426F-8CFE-87F0ED304462}.AppStore|Any CPU.ActiveCfg = Debug|x64
		{C500300E-82E0-426F-8CFE-87F0ED304462}.AppStore|Any CPU.Build.0 = Debug|x64
		{C500300E-82E0-426F-8CFE-87F0ED304462}.AppStore|ARM.ActiveCfg = Debug|x64
		{C500300E-82E0-426F-8CFE-87F0ED304462}.AppStore|ARM.Build.0 = Debug|x64
		{C500300E-82E0-426F-8CFE-87F0ED304462}.AppStore|arm64.ActiveCfg = Debug|arm64
		{C500300E-82E0-426F-8CFE-87F0ED304462}.AppStore|arm64.Build.0 = Debug|arm64
		{C500300E-82E0-426F-8CFE-87F0ED304462}.AppStore|iPhone.ActiveCfg = Debug|x64
		{C500300E-82E0-426F-8CFE-87F0ED304462}.AppStore|iPhone.Build.0 = Debug|x64
		{C500300E-82E0-426F-8CFE-87F0ED304462}.AppStore|iPhoneSimulator.ActiveCfg = Debug|x64
		{C500300E-82E0-426F-8CFE-87F0ED304462}.AppStore|iPhoneSimulator.Build.0 = Debug|x64
		{C500300E-82E0-426F-8CFE-87F0ED304462}.AppStore|x64.ActiveCfg = Debug|x64
		{C500300E-82E0-426F-8CFE-87F0ED304462}.AppStore|x64.Build.0 = Debug|x64
		{C500300E-82E0-426F-8CFE-87F0ED304462}.AppStore|x86.ActiveCfg = Debug|x86
		{C500300E-82E0-426F-8CFE-87F0ED304462}.AppStore|x86.Build.0 = Debug|x86
		{C500300E-82E0-426F-8CFE-87F0ED304462}.Debug|Any CPU.ActiveCfg = Debug|x64
		{C500300E-82E0-426F-8CFE-87F0ED304462}.Debug|Any CPU.Build.0 = Debug|x64
		{C500300E-82E0-426F-8CFE-87F0ED304462}.Debug|ARM.ActiveCfg = Debug|x64
		{C500300E-82E0-426F-8CFE-87F0ED304462}.Debug|ARM.Build.0 = Debug|x64
		{C500300E-82E0-426F-8CFE-87F0ED304462}.Debug|arm64.ActiveCfg = Debug|arm64
		{C500300E-82E0-426F-8CFE-87F0ED304462}.Debug|arm64.Build.0 = Debug|arm64
		{C500300E-82E0-426F-8CFE-87F0ED304462}.Debug|iPhone.ActiveCfg = Debug|x64
		{C500300E-82E0-426F-8CFE-87F0ED304462}.Debug|iPhone.Build.0 = Debug|x64
		{C500300E-82E0-426F-8CFE-87F0ED304462}.Debug|iPhoneSimulator.ActiveCfg = Debug|x64
		{C500300E-82E0-426F-8CFE-87F0ED304462}.Debug|iPhoneSimulator.Build.0 = Debug|x64
		{C500300E-82E0-426F-8CFE-87F0ED304462}.Debug|x64.ActiveCfg = Debug|x64
		{C500300E-82E0-426F-8CFE-87F0ED304462}.Debug|x64.Build.0 = Debug|x64
		{C500300E-82E0-426F-8CFE-87F0ED304462}.Debug|x86.ActiveCfg = Debug|x86
		{C500300E-82E0-426F-8CFE-87F0ED304462}.Debug|x86.Build.0 = Debug|x86
		{C500300E-82E0-426F-8CFE-87F0ED304462}.Release|Any CPU.ActiveCfg = Release|x64
		{C500300E-82E0-426F-8CFE-87F0ED304462}.Release|Any CPU.Build.0 = Release|x64
		{C500300E-82E0-426F-8CFE-87F0ED304462}.Release|ARM.ActiveCfg = Release|x64
		{C500300E-82E0-426F-8CFE-87F0ED304462}.Release|ARM.Build.0 = Release|x64
		{C500300E-82E0-426F-8CFE-87F0ED304462}.Release|arm64.ActiveCfg = Release|arm64
		{C500300E-82E0-426F-8CFE-87F0ED304462}.Release|arm64.Build.0 = Release|arm64
		{C500300E-82E0-426F-8CFE-87F0ED304462}.Release|iPhone.ActiveCfg = Release|x64
		{C500300E-82E0-426F-8CFE-87F0ED304462}.Release|iPhone.Build.0 = Release|x64
		{C500300E-82E0-426F-8CFE-87F0ED304462}.Release|iPhoneSimulator.ActiveCfg = Release|x64
		{C500300E-82E0-426F-8CFE-87F0ED304462}.Release|iPhoneSimulator.Build.0 = Release|x64
		{C500300E-82E0-426F-8CFE-87F0ED304462}.Release|x64.ActiveCfg = Release|x64
		{C500300E-82E0-426F-8CFE-87F0ED304462}.Release|x64.Build.0 = Release|x64
		{C500300E-82E0-426F-8CFE-87F0ED304462}.Release|x86.ActiveCfg = Release|x86
		{C500300E-82E0-426F-8CFE-87F0ED304462}.Release|x86.Build.0 = Release|x86
		{7158648D-B80D-4B47-9EC1-F0DB1BEE6BBA}.Ad-Hoc|Any CPU.ActiveCfg = Debug|x64
		{7158648D-B80D-4B47-9EC1-F0DB1BEE6BBA}.Ad-Hoc|Any CPU.Build.0 = Debug|x64
		{7158648D-B80D-4B47-9EC1-F0DB1BEE6BBA}.Ad-Hoc|Any CPU.Deploy.0 = Debug|x64
		{7158648D-B80D-4B47-9EC1-F0DB1BEE6BBA}.Ad-Hoc|ARM.ActiveCfg = Debug|x64
		{7158648D-B80D-4B47-9EC1-F0DB1BEE6BBA}.Ad-Hoc|ARM.Build.0 = Debug|x64
		{7158648D-B80D-4B47-9EC1-F0DB1BEE6BBA}.Ad-Hoc|ARM.Deploy.0 = Debug|x64
		{7158648D-B80D-4B47-9EC1-F0DB1BEE6BBA}.Ad-Hoc|arm64.ActiveCfg = Debug|arm64
		{7158648D-B80D-4B47-9EC1-F0DB1BEE6BBA}.Ad-Hoc|arm64.Build.0 = Debug|arm64
		{7158648D-B80D-4B47-9EC1-F0DB1BEE6BBA}.Ad-Hoc|arm64.Deploy.0 = Debug|arm64
		{7158648D-B80D-4B47-9EC1-F0DB1BEE6BBA}.Ad-Hoc|iPhone.ActiveCfg = Debug|x64
		{7158648D-B80D-4B47-9EC1-F0DB1BEE6BBA}.Ad-Hoc|iPhone.Build.0 = Debug|x64
		{7158648D-B80D-4B47-9EC1-F0DB1BEE6BBA}.Ad-Hoc|iPhone.Deploy.0 = Debug|x64
		{7158648D-B80D-4B47-9EC1-F0DB1BEE6BBA}.Ad-Hoc|iPhoneSimulator.ActiveCfg = Debug|x64
		{7158648D-B80D-4B47-9EC1-F0DB1BEE6BBA}.Ad-Hoc|iPhoneSimulator.Build.0 = Debug|x64
		{7158648D-B80D-4B47-9EC1-F0DB1BEE6BBA}.Ad-Hoc|iPhoneSimulator.Deploy.0 = Debug|x64
		{7158648D-B80D-4B47-9EC1-F0DB1BEE6BBA}.Ad-Hoc|x64.ActiveCfg = Debug|x64
		{7158648D-B80D-4B47-9EC1-F0DB1BEE6BBA}.Ad-Hoc|x64.Build.0 = Debug|x64
		{7158648D-B80D-4B47-9EC1-F0DB1BEE6BBA}.Ad-Hoc|x64.Deploy.0 = Debug|x64
		{7158648D-B80D-4B47-9EC1-F0DB1BEE6BBA}.Ad-Hoc|x86.ActiveCfg = Debug|x86
		{7158648D-B80D-4B47-9EC1-F0DB1BEE6BBA}.Ad-Hoc|x86.Build.0 = Debug|x86
		{7158648D-B80D-4B47-9EC1-F0DB1BEE6BBA}.Ad-Hoc|x86.Deploy.0 = Debug|x86
		{7158648D-B80D-4B47-9EC1-F0DB1BEE6BBA}.AppStore|Any CPU.ActiveCfg = Debug|x64
		{7158648D-B80D-4B47-9EC1-F0DB1BEE6BBA}.AppStore|Any CPU.Build.0 = Debug|x64
		{7158648D-B80D-4B47-9EC1-F0DB1BEE6BBA}.AppStore|Any CPU.Deploy.0 = Debug|x64
		{7158648D-B80D-4B47-9EC1-F0DB1BEE6BBA}.AppStore|ARM.ActiveCfg = Debug|x64
		{7158648D-B80D-4B47-9EC1-F0DB1BEE6BBA}.AppStore|ARM.Build.0 = Debug|x64
		{7158648D-B80D-4B47-9EC1-F0DB1BEE6BBA}.AppStore|ARM.Deploy.0 = Debug|x64
		{7158648D-B80D-4B47-9EC1-F0DB1BEE6BBA}.AppStore|arm64.ActiveCfg = Debug|arm64
		{7158648D-B80D-4B47-9EC1-F0DB1BEE6BBA}.AppStore|arm64.Build.0 = Debug|arm64
		{7158648D-B80D-4B47-9EC1-F0DB1BEE6BBA}.AppStore|arm64.Deploy.0 = Debug|arm64
		{7158648D-B80D-4B47-9EC1-F0DB1BEE6BBA}.AppStore|iPhone.ActiveCfg = Debug|x64
		{7158648D-B80D-4B47-9EC1-F0DB1BEE6BBA}.AppStore|iPhone.Build.0 = Debug|x64
		{7158648D-B80D-4B47-9EC1-F0DB1BEE6BBA}.AppStore|iPhone.Deploy.0 = Debug|x64
		{7158648D-B80D-4B47-9EC1-F0DB1BEE6BBA}.AppStore|iPhoneSimulator.ActiveCfg = Debug|x64
		{7158648D-B80D-4B47-9EC1-F0DB1BEE6BBA}.AppStore|iPhoneSimulator.Build.0 = Debug|x64
		{7158648D-B80D-4B47-9EC1-F0DB1BEE6BBA}.AppStore|iPhoneSimulator.Deploy.0 = Debug|x64
		{7158648D-B80D-4B47-9EC1-F0DB1BEE6BBA}.AppStore|x64.ActiveCfg = Debug|x64
		{7158648D-B80D-4B47-9EC1-F0DB1BEE6BBA}.AppStore|x64.Build.0 = Debug|x64
		{7158648D-B80D-4B47-9EC1-F0DB1BEE6BBA}.AppStore|x64.Deploy.0 = Debug|x64
		{7158648D-B80D-4B47-9EC1-F0DB1BEE6BBA}.AppStore|x86.ActiveCfg = Debug|x86
		{7158648D-B80D-4B47-9EC1-F0DB1BEE6BBA}.AppStore|x86.Build.0 = Debug|x86
		{7158648D-B80D-4B47-9EC1-F0DB1BEE6BBA}.AppStore|x86.Deploy.0 = Debug|x86
		{7158648D-B80D-4B47-9EC1-F0DB1BEE6BBA}.Debug|Any CPU.ActiveCfg = Debug|x64
		{7158648D-B80D-4B47-9EC1-F0DB1BEE6BBA}.Debug|Any CPU.Build.0 = Debug|x64
		{7158648D-B80D-4B47-9EC1-F0DB1BEE6BBA}.Debug|ARM.ActiveCfg = Debug|x64
		{7158648D-B80D-4B47-9EC1-F0DB1BEE6BBA}.Debug|ARM.Build.0 = Debug|x64
		{7158648D-B80D-4B47-9EC1-F0DB1BEE6BBA}.Debug|ARM.Deploy.0 = Debug|x64
		{7158648D-B80D-4B47-9EC1-F0DB1BEE6BBA}.Debug|arm64.ActiveCfg = Debug|arm64
		{7158648D-B80D-4B47-9EC1-F0DB1BEE6BBA}.Debug|arm64.Build.0 = Debug|arm64
		{7158648D-B80D-4B47-9EC1-F0DB1BEE6BBA}.Debug|arm64.Deploy.0 = Debug|arm64
		{7158648D-B80D-4B47-9EC1-F0DB1BEE6BBA}.Debug|iPhone.ActiveCfg = Debug|x64
		{7158648D-B80D-4B47-9EC1-F0DB1BEE6BBA}.Debug|iPhone.Build.0 = Debug|x64
		{7158648D-B80D-4B47-9EC1-F0DB1BEE6BBA}.Debug|iPhoneSimulator.ActiveCfg = Debug|x64
		{7158648D-B80D-4B47-9EC1-F0DB1BEE6BBA}.Debug|iPhoneSimulator.Build.0 = Debug|x64
		{7158648D-B80D-4B47-9EC1-F0DB1BEE6BBA}.Debug|x64.ActiveCfg = Debug|x64
		{7158648D-B80D-4B47-9EC1-F0DB1BEE6BBA}.Debug|x64.Build.0 = Debug|x64
		{7158648D-B80D-4B47-9EC1-F0DB1BEE6BBA}.Debug|x64.Deploy.0 = Debug|x64
		{7158648D-B80D-4B47-9EC1-F0DB1BEE6BBA}.Debug|x86.ActiveCfg = Debug|x86
		{7158648D-B80D-4B47-9EC1-F0DB1BEE6BBA}.Debug|x86.Build.0 = Debug|x86
		{7158648D-B80D-4B47-9EC1-F0DB1BEE6BBA}.Debug|x86.Deploy.0 = Debug|x86
		{7158648D-B80D-4B47-9EC1-F0DB1BEE6BBA}.Release|Any CPU.ActiveCfg = Release|x64
		{7158648D-B80D-4B47-9EC1-F0DB1BEE6BBA}.Release|Any CPU.Build.0 = Release|x64
		{7158648D-B80D-4B47-9EC1-F0DB1BEE6BBA}.Release|Any CPU.Deploy.0 = Release|x64
		{7158648D-B80D-4B47-9EC1-F0DB1BEE6BBA}.Release|ARM.ActiveCfg = Release|x64
		{7158648D-B80D-4B47-9EC1-F0DB1BEE6BBA}.Release|ARM.Build.0 = Release|x64
		{7158648D-B80D-4B47-9EC1-F0DB1BEE6BBA}.Release|ARM.Deploy.0 = Release|x64
		{7158648D-B80D-4B47-9EC1-F0DB1BEE6BBA}.Release|arm64.ActiveCfg = Release|arm64
		{7158648D-B80D-4B47-9EC1-F0DB1BEE6BBA}.Release|arm64.Build.0 = Release|arm64
		{7158648D-B80D-4B47-9EC1-F0DB1BEE6BBA}.Release|arm64.Deploy.0 = Release|arm64
		{7158648D-B80D-4B47-9EC1-F0DB1BEE6BBA}.Release|iPhone.ActiveCfg = Release|x64
		{7158648D-B80D-4B47-9EC1-F0DB1BEE6BBA}.Release|iPhone.Build.0 = Release|x64
		{7158648D-B80D-4B47-9EC1-F0DB1BEE6BBA}.Release|iPhone.Deploy.0 = Release|x64
		{7158648D-B80D-4B47-9EC1-F0DB1BEE6BBA}.Release|iPhoneSimulator.ActiveCfg = Release|x64
		{7158648D-B80D-4B47-9EC1-F0DB1BEE6BBA}.Release|iPhoneSimulator.Build.0 = Release|x64
		{7158648D-B80D-4B47-9EC1-F0DB1BEE6BBA}.Release|iPhoneSimulator.Deploy.0 = Release|x64
		{7158648D-B80D-4B47-9EC1-F0DB1BEE6BBA}.Release|x64.ActiveCfg = Release|x64
		{7158648D-B80D-4B47-9EC1-F0DB1BEE6BBA}.Release|x64.Build.0 = Release|x64
		{7158648D-B80D-4B47-9EC1-F0DB1BEE6BBA}.Release|x64.Deploy.0 = Release|x64
		{7158648D-B80D-4B47-9EC1-F0DB1BEE6BBA}.Release|x86.ActiveCfg = Release|x86
		{7158648D-B80D-4B47-9EC1-F0DB1BEE6BBA}.Release|x86.Build.0 = Release|x86
		{7158648D-B80D-4B47-9EC1-F0DB1BEE6BBA}.Release|x86.Deploy.0 = Release|x86
	EndGlobalSection
	GlobalSection(SolutionProperties) = preSolution
		HideSolutionNode = FALSE
	EndGlobalSection
	GlobalSection(NestedProjects) = preSolution
		{DDAEC9D8-9F71-4225-BC2D-20376E2BFDF6} = {620A6EAC-2FDE-4B35-A6AF-DB658475DC94}
		{4A7B143A-C979-4618-BE52-4E3C45112260} = {620A6EAC-2FDE-4B35-A6AF-DB658475DC94}
		{E5EA1BDB-8D87-420C-8D70-9CA732066989} = {C9A6BAB9-0080-44D3-82CC-80EB6A340E56}
		{5A5ECE32-813E-4DA0-BF36-BD4A5CB9F149} = {C9A6BAB9-0080-44D3-82CC-80EB6A340E56}
		{BE415A83-C8F6-4CC1-88CA-7F109C54E3D7} = {C9A6BAB9-0080-44D3-82CC-80EB6A340E56}
	EndGlobalSection
	GlobalSection(ExtensibilityGlobals) = postSolution
		SolutionGuid = {C890A772-3912-42CC-8845-3A5A74F5F355}
	EndGlobalSection
	GlobalSection(SharedMSBuildProjectFiles) = preSolution
		UnoGeometryIssues\UnoGeometryIssues.Shared\UnoGeometryIssues.Shared.projitems*{6279c845-92f8-4333-ab99-3d213163593c}*SharedItemsImports = 13
		UnoGeometryIssues\UnoGeometryIssues.Shared\UnoGeometryIssues.Shared.projitems*{6296d452-f6f9-482c-bb9b-de5d1aa38f91}*SharedItemsImports = 5
		UnoGeometryIssues\UnoGeometryIssues.Shared\UnoGeometryIssues.Shared.projitems*{a529c9d0-8814-4c69-9cbf-7f0304d43cd4}*SharedItemsImports = 5
		UnoGeometryIssues\UnoGeometryIssues.Shared\UnoGeometryIssues.Shared.projitems*{c500300e-82e0-426f-8cfe-87f0ed304462}*SharedItemsImports = 5
		UnoGeometryIssues\UnoGeometryIssues.Shared\UnoGeometryIssues.Shared.projitems*{cdca4662-839c-498e-bef7-83544056c163}*SharedItemsImports = 5
	EndGlobalSection
EndGlobal
